// !$*UTF8*$!
{
	archiveVersion = 1;
	classes = {
	};
	objectVersion = 46;
	objects = {

/* Begin PBXBuildFile section */
		048BC25E19F00276007563C8 /* main.m in Sources */ = {isa = PBXBuildFile; fileRef = 048BC25D19F00276007563C8 /* main.m */; };
		048BC26119F00276007563C8 /* AppDelegate.m in Sources */ = {isa = PBXBuildFile; fileRef = 048BC26019F00276007563C8 /* AppDelegate.m */; };
		048BC26419F00276007563C8 /* ViewController.m in Sources */ = {isa = PBXBuildFile; fileRef = 048BC26319F00276007563C8 /* ViewController.m */; };
		048BC26719F00277007563C8 /* Main.storyboard in Resources */ = {isa = PBXBuildFile; fileRef = 048BC26519F00277007563C8 /* Main.storyboard */; };
		048BC26919F00277007563C8 /* Images.xcassets in Resources */ = {isa = PBXBuildFile; fileRef = 048BC26819F00277007563C8 /* Images.xcassets */; };
		048BC26C19F00277007563C8 /* LaunchScreen.xib in Resources */ = {isa = PBXBuildFile; fileRef = 048BC26A19F00277007563C8 /* LaunchScreen.xib */; };
		048BC27819F00277007563C8 /* taskTests.m in Sources */ = {isa = PBXBuildFile; fileRef = 048BC27719F00277007563C8 /* taskTests.m */; };
		048BC28319F008C6007563C8 /* MainViewTableViewController.m in Sources */ = {isa = PBXBuildFile; fileRef = 048BC28219F008C6007563C8 /* MainViewTableViewController.m */; };
		048BC28819F00962007563C8 /* RNActivityView.m in Sources */ = {isa = PBXBuildFile; fileRef = 048BC28519F00962007563C8 /* RNActivityView.m */; };
		048BC28919F00962007563C8 /* UIView+RNActivityView.m in Sources */ = {isa = PBXBuildFile; fileRef = 048BC28719F00962007563C8 /* UIView+RNActivityView.m */; };
		048BC28C19F00C31007563C8 /* down.png in Resources */ = {isa = PBXBuildFile; fileRef = 048BC28A19F00C30007563C8 /* down.png */; };
		048BC28D19F00C31007563C8 /* up.png in Resources */ = {isa = PBXBuildFile; fileRef = 048BC28B19F00C31007563C8 /* up.png */; };
		048BC2AD19F00CBA007563C8 /* MKAnnotationView+WebCache.m in Sources */ = {isa = PBXBuildFile; fileRef = 048BC28F19F00CBA007563C8 /* MKAnnotationView+WebCache.m */; };
		048BC2AE19F00CBA007563C8 /* NSData+ImageContentType.m in Sources */ = {isa = PBXBuildFile; fileRef = 048BC29119F00CBA007563C8 /* NSData+ImageContentType.m */; };
		048BC2AF19F00CBA007563C8 /* SDImageCache.m in Sources */ = {isa = PBXBuildFile; fileRef = 048BC29319F00CBA007563C8 /* SDImageCache.m */; };
		048BC2B019F00CBA007563C8 /* SDWebImageCompat.m in Sources */ = {isa = PBXBuildFile; fileRef = 048BC29519F00CBA007563C8 /* SDWebImageCompat.m */; };
		048BC2B119F00CBA007563C8 /* SDWebImageDecoder.m in Sources */ = {isa = PBXBuildFile; fileRef = 048BC29719F00CBA007563C8 /* SDWebImageDecoder.m */; };
		048BC2B219F00CBA007563C8 /* SDWebImageDownloader.m in Sources */ = {isa = PBXBuildFile; fileRef = 048BC29919F00CBA007563C8 /* SDWebImageDownloader.m */; };
		048BC2B319F00CBA007563C8 /* SDWebImageDownloaderOperation.m in Sources */ = {isa = PBXBuildFile; fileRef = 048BC29B19F00CBA007563C8 /* SDWebImageDownloaderOperation.m */; };
		048BC2B419F00CBA007563C8 /* SDWebImageManager.m in Sources */ = {isa = PBXBuildFile; fileRef = 048BC29D19F00CBA007563C8 /* SDWebImageManager.m */; };
		048BC2B519F00CBA007563C8 /* SDWebImagePrefetcher.m in Sources */ = {isa = PBXBuildFile; fileRef = 048BC2A019F00CBA007563C8 /* SDWebImagePrefetcher.m */; };
		048BC2B619F00CBA007563C8 /* UIButton+WebCache.m in Sources */ = {isa = PBXBuildFile; fileRef = 048BC2A219F00CBA007563C8 /* UIButton+WebCache.m */; };
		048BC2B719F00CBA007563C8 /* UIImage+GIF.m in Sources */ = {isa = PBXBuildFile; fileRef = 048BC2A419F00CBA007563C8 /* UIImage+GIF.m */; };
		048BC2B819F00CBA007563C8 /* UIImage+MultiFormat.m in Sources */ = {isa = PBXBuildFile; fileRef = 048BC2A619F00CBA007563C8 /* UIImage+MultiFormat.m */; };
		048BC2B919F00CBA007563C8 /* UIImage+WebP.m in Sources */ = {isa = PBXBuildFile; fileRef = 048BC2A819F00CBA007563C8 /* UIImage+WebP.m */; };
		048BC2BA19F00CBA007563C8 /* UIImageView+HighlightedWebCache.m in Sources */ = {isa = PBXBuildFile; fileRef = 048BC2AA19F00CBA007563C8 /* UIImageView+HighlightedWebCache.m */; };
		048BC2BB19F00CBA007563C8 /* UIImageView+WebCache.m in Sources */ = {isa = PBXBuildFile; fileRef = 048BC2AC19F00CBA007563C8 /* UIImageView+WebCache.m */; };
/* End PBXBuildFile section */

/* Begin PBXContainerItemProxy section */
		048BC27219F00277007563C8 /* PBXContainerItemProxy */ = {
			isa = PBXContainerItemProxy;
			containerPortal = 048BC25019F00276007563C8 /* Project object */;
			proxyType = 1;
			remoteGlobalIDString = 048BC25719F00276007563C8;
			remoteInfo = task;
		};
/* End PBXContainerItemProxy section */

/* Begin PBXFileReference section */
		048BC25819F00276007563C8 /* task.app */ = {isa = PBXFileReference; explicitFileType = wrapper.application; includeInIndex = 0; path = task.app; sourceTree = BUILT_PRODUCTS_DIR; };
		048BC25C19F00276007563C8 /* Info.plist */ = {isa = PBXFileReference; lastKnownFileType = text.plist.xml; path = Info.plist; sourceTree = "<group>"; };
		048BC25D19F00276007563C8 /* main.m */ = {isa = PBXFileReference; lastKnownFileType = sourcecode.c.objc; path = main.m; sourceTree = "<group>"; };
		048BC25F19F00276007563C8 /* AppDelegate.h */ = {isa = PBXFileReference; lastKnownFileType = sourcecode.c.h; path = AppDelegate.h; sourceTree = "<group>"; };
		048BC26019F00276007563C8 /* AppDelegate.m */ = {isa = PBXFileReference; lastKnownFileType = sourcecode.c.objc; path = AppDelegate.m; sourceTree = "<group>"; };
		048BC26219F00276007563C8 /* ViewController.h */ = {isa = PBXFileReference; lastKnownFileType = sourcecode.c.h; path = ViewController.h; sourceTree = "<group>"; };
		048BC26319F00276007563C8 /* ViewController.m */ = {isa = PBXFileReference; lastKnownFileType = sourcecode.c.objc; path = ViewController.m; sourceTree = "<group>"; };
		048BC26619F00277007563C8 /* Base */ = {isa = PBXFileReference; lastKnownFileType = file.storyboard; name = Base; path = Base.lproj/Main.storyboard; sourceTree = "<group>"; };
		048BC26819F00277007563C8 /* Images.xcassets */ = {isa = PBXFileReference; lastKnownFileType = folder.assetcatalog; path = Images.xcassets; sourceTree = "<group>"; };
		048BC26B19F00277007563C8 /* Base */ = {isa = PBXFileReference; lastKnownFileType = file.xib; name = Base; path = Base.lproj/LaunchScreen.xib; sourceTree = "<group>"; };
		048BC27119F00277007563C8 /* taskTests.xctest */ = {isa = PBXFileReference; explicitFileType = wrapper.cfbundle; includeInIndex = 0; path = taskTests.xctest; sourceTree = BUILT_PRODUCTS_DIR; };
		048BC27619F00277007563C8 /* Info.plist */ = {isa = PBXFileReference; lastKnownFileType = text.plist.xml; path = Info.plist; sourceTree = "<group>"; };
		048BC27719F00277007563C8 /* taskTests.m */ = {isa = PBXFileReference; lastKnownFileType = sourcecode.c.objc; path = taskTests.m; sourceTree = "<group>"; };
		048BC28119F008C6007563C8 /* MainViewTableViewController.h */ = {isa = PBXFileReference; fileEncoding = 4; lastKnownFileType = sourcecode.c.h; path = MainViewTableViewController.h; sourceTree = "<group>"; };
		048BC28219F008C6007563C8 /* MainViewTableViewController.m */ = {isa = PBXFileReference; fileEncoding = 4; lastKnownFileType = sourcecode.c.objc; path = MainViewTableViewController.m; sourceTree = "<group>"; };
		048BC28419F00962007563C8 /* RNActivityView.h */ = {isa = PBXFileReference; fileEncoding = 4; lastKnownFileType = sourcecode.c.h; path = RNActivityView.h; sourceTree = "<group>"; };
		048BC28519F00962007563C8 /* RNActivityView.m */ = {isa = PBXFileReference; fileEncoding = 4; lastKnownFileType = sourcecode.c.objc; path = RNActivityView.m; sourceTree = "<group>"; };
		048BC28619F00962007563C8 /* UIView+RNActivityView.h */ = {isa = PBXFileReference; fileEncoding = 4; lastKnownFileType = sourcecode.c.h; path = "UIView+RNActivityView.h"; sourceTree = "<group>"; };
		048BC28719F00962007563C8 /* UIView+RNActivityView.m */ = {isa = PBXFileReference; fileEncoding = 4; lastKnownFileType = sourcecode.c.objc; path = "UIView+RNActivityView.m"; sourceTree = "<group>"; };
		048BC28A19F00C30007563C8 /* down.png */ = {isa = PBXFileReference; lastKnownFileType = image.png; path = down.png; sourceTree = "<group>"; };
		048BC28B19F00C31007563C8 /* up.png */ = {isa = PBXFileReference; lastKnownFileType = image.png; path = up.png; sourceTree = "<group>"; };
		048BC28E19F00CBA007563C8 /* MKAnnotationView+WebCache.h */ = {isa = PBXFileReference; fileEncoding = 4; lastKnownFileType = sourcecode.c.h; path = "MKAnnotationView+WebCache.h"; sourceTree = "<group>"; };
		048BC28F19F00CBA007563C8 /* MKAnnotationView+WebCache.m */ = {isa = PBXFileReference; fileEncoding = 4; lastKnownFileType = sourcecode.c.objc; path = "MKAnnotationView+WebCache.m"; sourceTree = "<group>"; };
		048BC29019F00CBA007563C8 /* NSData+ImageContentType.h */ = {isa = PBXFileReference; fileEncoding = 4; lastKnownFileType = sourcecode.c.h; path = "NSData+ImageContentType.h"; sourceTree = "<group>"; };
		048BC29119F00CBA007563C8 /* NSData+ImageContentType.m */ = {isa = PBXFileReference; fileEncoding = 4; lastKnownFileType = sourcecode.c.objc; path = "NSData+ImageContentType.m"; sourceTree = "<group>"; };
		048BC29219F00CBA007563C8 /* SDImageCache.h */ = {isa = PBXFileReference; fileEncoding = 4; lastKnownFileType = sourcecode.c.h; path = SDImageCache.h; sourceTree = "<group>"; };
		048BC29319F00CBA007563C8 /* SDImageCache.m */ = {isa = PBXFileReference; fileEncoding = 4; lastKnownFileType = sourcecode.c.objc; path = SDImageCache.m; sourceTree = "<group>"; };
		048BC29419F00CBA007563C8 /* SDWebImageCompat.h */ = {isa = PBXFileReference; fileEncoding = 4; lastKnownFileType = sourcecode.c.h; path = SDWebImageCompat.h; sourceTree = "<group>"; };
		048BC29519F00CBA007563C8 /* SDWebImageCompat.m */ = {isa = PBXFileReference; fileEncoding = 4; lastKnownFileType = sourcecode.c.objc; path = SDWebImageCompat.m; sourceTree = "<group>"; };
		048BC29619F00CBA007563C8 /* SDWebImageDecoder.h */ = {isa = PBXFileReference; fileEncoding = 4; lastKnownFileType = sourcecode.c.h; path = SDWebImageDecoder.h; sourceTree = "<group>"; };
		048BC29719F00CBA007563C8 /* SDWebImageDecoder.m */ = {isa = PBXFileReference; fileEncoding = 4; lastKnownFileType = sourcecode.c.objc; path = SDWebImageDecoder.m; sourceTree = "<group>"; };
		048BC29819F00CBA007563C8 /* SDWebImageDownloader.h */ = {isa = PBXFileReference; fileEncoding = 4; lastKnownFileType = sourcecode.c.h; path = SDWebImageDownloader.h; sourceTree = "<group>"; };
		048BC29919F00CBA007563C8 /* SDWebImageDownloader.m */ = {isa = PBXFileReference; fileEncoding = 4; lastKnownFileType = sourcecode.c.objc; path = SDWebImageDownloader.m; sourceTree = "<group>"; };
		048BC29A19F00CBA007563C8 /* SDWebImageDownloaderOperation.h */ = {isa = PBXFileReference; fileEncoding = 4; lastKnownFileType = sourcecode.c.h; path = SDWebImageDownloaderOperation.h; sourceTree = "<group>"; };
		048BC29B19F00CBA007563C8 /* SDWebImageDownloaderOperation.m */ = {isa = PBXFileReference; fileEncoding = 4; lastKnownFileType = sourcecode.c.objc; path = SDWebImageDownloaderOperation.m; sourceTree = "<group>"; };
		048BC29C19F00CBA007563C8 /* SDWebImageManager.h */ = {isa = PBXFileReference; fileEncoding = 4; lastKnownFileType = sourcecode.c.h; path = SDWebImageManager.h; sourceTree = "<group>"; };
		048BC29D19F00CBA007563C8 /* SDWebImageManager.m */ = {isa = PBXFileReference; fileEncoding = 4; lastKnownFileType = sourcecode.c.objc; path = SDWebImageManager.m; sourceTree = "<group>"; };
		048BC29E19F00CBA007563C8 /* SDWebImageOperation.h */ = {isa = PBXFileReference; fileEncoding = 4; lastKnownFileType = sourcecode.c.h; path = SDWebImageOperation.h; sourceTree = "<group>"; };
		048BC29F19F00CBA007563C8 /* SDWebImagePrefetcher.h */ = {isa = PBXFileReference; fileEncoding = 4; lastKnownFileType = sourcecode.c.h; path = SDWebImagePrefetcher.h; sourceTree = "<group>"; };
		048BC2A019F00CBA007563C8 /* SDWebImagePrefetcher.m */ = {isa = PBXFileReference; fileEncoding = 4; lastKnownFileType = sourcecode.c.objc; path = SDWebImagePrefetcher.m; sourceTree = "<group>"; };
		048BC2A119F00CBA007563C8 /* UIButton+WebCache.h */ = {isa = PBXFileReference; fileEncoding = 4; lastKnownFileType = sourcecode.c.h; path = "UIButton+WebCache.h"; sourceTree = "<group>"; };
		048BC2A219F00CBA007563C8 /* UIButton+WebCache.m */ = {isa = PBXFileReference; fileEncoding = 4; lastKnownFileType = sourcecode.c.objc; path = "UIButton+WebCache.m"; sourceTree = "<group>"; };
		048BC2A319F00CBA007563C8 /* UIImage+GIF.h */ = {isa = PBXFileReference; fileEncoding = 4; lastKnownFileType = sourcecode.c.h; path = "UIImage+GIF.h"; sourceTree = "<group>"; };
		048BC2A419F00CBA007563C8 /* UIImage+GIF.m */ = {isa = PBXFileReference; fileEncoding = 4; lastKnownFileType = sourcecode.c.objc; path = "UIImage+GIF.m"; sourceTree = "<group>"; };
		048BC2A519F00CBA007563C8 /* UIImage+MultiFormat.h */ = {isa = PBXFileReference; fileEncoding = 4; lastKnownFileType = sourcecode.c.h; path = "UIImage+MultiFormat.h"; sourceTree = "<group>"; };
		048BC2A619F00CBA007563C8 /* UIImage+MultiFormat.m */ = {isa = PBXFileReference; fileEncoding = 4; lastKnownFileType = sourcecode.c.objc; path = "UIImage+MultiFormat.m"; sourceTree = "<group>"; };
		048BC2A719F00CBA007563C8 /* UIImage+WebP.h */ = {isa = PBXFileReference; fileEncoding = 4; lastKnownFileType = sourcecode.c.h; path = "UIImage+WebP.h"; sourceTree = "<group>"; };
		048BC2A819F00CBA007563C8 /* UIImage+WebP.m */ = {isa = PBXFileReference; fileEncoding = 4; lastKnownFileType = sourcecode.c.objc; path = "UIImage+WebP.m"; sourceTree = "<group>"; };
		048BC2A919F00CBA007563C8 /* UIImageView+HighlightedWebCache.h */ = {isa = PBXFileReference; fileEncoding = 4; lastKnownFileType = sourcecode.c.h; path = "UIImageView+HighlightedWebCache.h"; sourceTree = "<group>"; };
		048BC2AA19F00CBA007563C8 /* UIImageView+HighlightedWebCache.m */ = {isa = PBXFileReference; fileEncoding = 4; lastKnownFileType = sourcecode.c.objc; path = "UIImageView+HighlightedWebCache.m"; sourceTree = "<group>"; };
		048BC2AB19F00CBA007563C8 /* UIImageView+WebCache.h */ = {isa = PBXFileReference; fileEncoding = 4; lastKnownFileType = sourcecode.c.h; path = "UIImageView+WebCache.h"; sourceTree = "<group>"; };
		048BC2AC19F00CBA007563C8 /* UIImageView+WebCache.m */ = {isa = PBXFileReference; fileEncoding = 4; lastKnownFileType = sourcecode.c.objc; path = "UIImageView+WebCache.m"; sourceTree = "<group>"; };
/* End PBXFileReference section */

/* Begin PBXFrameworksBuildPhase section */
		048BC25519F00276007563C8 /* Frameworks */ = {
			isa = PBXFrameworksBuildPhase;
			buildActionMask = 2147483647;
			files = (
			);
			runOnlyForDeploymentPostprocessing = 0;
		};
		048BC26E19F00277007563C8 /* Frameworks */ = {
			isa = PBXFrameworksBuildPhase;
			buildActionMask = 2147483647;
			files = (
			);
			runOnlyForDeploymentPostprocessing = 0;
		};
/* End PBXFrameworksBuildPhase section */

/* Begin PBXGroup section */
		048BC24F19F00276007563C8 = {
			isa = PBXGroup;
			children = (
				048BC25A19F00276007563C8 /* task */,
				048BC27419F00277007563C8 /* taskTests */,
				048BC25919F00276007563C8 /* Products */,
			);
			sourceTree = "<group>";
		};
		048BC25919F00276007563C8 /* Products */ = {
			isa = PBXGroup;
			children = (
				048BC25819F00276007563C8 /* task.app */,
				048BC27119F00277007563C8 /* taskTests.xctest */,
			);
			name = Products;
			sourceTree = "<group>";
		};
		048BC25A19F00276007563C8 /* task */ = {
			isa = PBXGroup;
			children = (
				048BC25F19F00276007563C8 /* AppDelegate.h */,
				048BC26019F00276007563C8 /* AppDelegate.m */,
				048BC26219F00276007563C8 /* ViewController.h */,
				048BC26319F00276007563C8 /* ViewController.m */,
				048BC26519F00277007563C8 /* Main.storyboard */,
				048BC26819F00277007563C8 /* Images.xcassets */,
				048BC26A19F00277007563C8 /* LaunchScreen.xib */,
				048BC25B19F00276007563C8 /* Supporting Files */,
				048BC28119F008C6007563C8 /* MainViewTableViewController.h */,
				048BC28219F008C6007563C8 /* MainViewTableViewController.m */,
			);
			path = task;
			sourceTree = "<group>";
		};
		048BC25B19F00276007563C8 /* Supporting Files */ = {
			isa = PBXGroup;
			children = (
				048BC28E19F00CBA007563C8 /* MKAnnotationView+WebCache.h */,
				048BC28F19F00CBA007563C8 /* MKAnnotationView+WebCache.m */,
				048BC29019F00CBA007563C8 /* NSData+ImageContentType.h */,
				048BC29119F00CBA007563C8 /* NSData+ImageContentType.m */,
				048BC29219F00CBA007563C8 /* SDImageCache.h */,
				048BC29319F00CBA007563C8 /* SDImageCache.m */,
				048BC29419F00CBA007563C8 /* SDWebImageCompat.h */,
				048BC29519F00CBA007563C8 /* SDWebImageCompat.m */,
				048BC29619F00CBA007563C8 /* SDWebImageDecoder.h */,
				048BC29719F00CBA007563C8 /* SDWebImageDecoder.m */,
				048BC29819F00CBA007563C8 /* SDWebImageDownloader.h */,
				048BC29919F00CBA007563C8 /* SDWebImageDownloader.m */,
				048BC29A19F00CBA007563C8 /* SDWebImageDownloaderOperation.h */,
				048BC29B19F00CBA007563C8 /* SDWebImageDownloaderOperation.m */,
				048BC29C19F00CBA007563C8 /* SDWebImageManager.h */,
				048BC29D19F00CBA007563C8 /* SDWebImageManager.m */,
				048BC29E19F00CBA007563C8 /* SDWebImageOperation.h */,
				048BC29F19F00CBA007563C8 /* SDWebImagePrefetcher.h */,
				048BC2A019F00CBA007563C8 /* SDWebImagePrefetcher.m */,
				048BC2A119F00CBA007563C8 /* UIButton+WebCache.h */,
				048BC2A219F00CBA007563C8 /* UIButton+WebCache.m */,
				048BC2A319F00CBA007563C8 /* UIImage+GIF.h */,
				048BC2A419F00CBA007563C8 /* UIImage+GIF.m */,
				048BC2A519F00CBA007563C8 /* UIImage+MultiFormat.h */,
				048BC2A619F00CBA007563C8 /* UIImage+MultiFormat.m */,
				048BC2A719F00CBA007563C8 /* UIImage+WebP.h */,
				048BC2A819F00CBA007563C8 /* UIImage+WebP.m */,
				048BC2A919F00CBA007563C8 /* UIImageView+HighlightedWebCache.h */,
				048BC2AA19F00CBA007563C8 /* UIImageView+HighlightedWebCache.m */,
				048BC2AB19F00CBA007563C8 /* UIImageView+WebCache.h */,
				048BC2AC19F00CBA007563C8 /* UIImageView+WebCache.m */,
				048BC28A19F00C30007563C8 /* down.png */,
				048BC28B19F00C31007563C8 /* up.png */,
				048BC28419F00962007563C8 /* RNActivityView.h */,
				048BC28519F00962007563C8 /* RNActivityView.m */,
				048BC28619F00962007563C8 /* UIView+RNActivityView.h */,
				048BC28719F00962007563C8 /* UIView+RNActivityView.m */,
				048BC25C19F00276007563C8 /* Info.plist */,
				048BC25D19F00276007563C8 /* main.m */,
			);
			name = "Supporting Files";
			sourceTree = "<group>";
		};
		048BC27419F00277007563C8 /* taskTests */ = {
			isa = PBXGroup;
			children = (
				048BC27719F00277007563C8 /* taskTests.m */,
				048BC27519F00277007563C8 /* Supporting Files */,
			);
			path = taskTests;
			sourceTree = "<group>";
		};
		048BC27519F00277007563C8 /* Supporting Files */ = {
			isa = PBXGroup;
			children = (
				048BC27619F00277007563C8 /* Info.plist */,
			);
			name = "Supporting Files";
			sourceTree = "<group>";
		};
/* End PBXGroup section */

/* Begin PBXNativeTarget section */
		048BC25719F00276007563C8 /* task */ = {
			isa = PBXNativeTarget;
			buildConfigurationList = 048BC27B19F00277007563C8 /* Build configuration list for PBXNativeTarget "task" */;
			buildPhases = (
				048BC25419F00276007563C8 /* Sources */,
				048BC25519F00276007563C8 /* Frameworks */,
				048BC25619F00276007563C8 /* Resources */,
			);
			buildRules = (
			);
			dependencies = (
			);
			name = task;
			productName = task;
			productReference = 048BC25819F00276007563C8 /* task.app */;
			productType = "com.apple.product-type.application";
		};
		048BC27019F00277007563C8 /* taskTests */ = {
			isa = PBXNativeTarget;
			buildConfigurationList = 048BC27E19F00277007563C8 /* Build configuration list for PBXNativeTarget "taskTests" */;
			buildPhases = (
				048BC26D19F00277007563C8 /* Sources */,
				048BC26E19F00277007563C8 /* Frameworks */,
				048BC26F19F00277007563C8 /* Resources */,
			);
			buildRules = (
			);
			dependencies = (
				048BC27319F00277007563C8 /* PBXTargetDependency */,
			);
			name = taskTests;
			productName = taskTests;
			productReference = 048BC27119F00277007563C8 /* taskTests.xctest */;
			productType = "com.apple.product-type.bundle.unit-test";
		};
/* End PBXNativeTarget section */

/* Begin PBXProject section */
		048BC25019F00276007563C8 /* Project object */ = {
			isa = PBXProject;
			attributes = {
				LastUpgradeCheck = 0600;
				ORGANIZATIONNAME = VF;
				TargetAttributes = {
					048BC25719F00276007563C8 = {
						CreatedOnToolsVersion = 6.0.1;
					};
					048BC27019F00277007563C8 = {
						CreatedOnToolsVersion = 6.0.1;
						TestTargetID = 048BC25719F00276007563C8;
					};
				};
			};
			buildConfigurationList = 048BC25319F00276007563C8 /* Build configuration list for PBXProject "task" */;
			compatibilityVersion = "Xcode 3.2";
			developmentRegion = English;
			hasScannedForEncodings = 0;
			knownRegions = (
				en,
				Base,
			);
			mainGroup = 048BC24F19F00276007563C8;
			productRefGroup = 048BC25919F00276007563C8 /* Products */;
			projectDirPath = "";
			projectRoot = "";
			targets = (
				048BC25719F00276007563C8 /* task */,
				048BC27019F00277007563C8 /* taskTests */,
			);
		};
/* End PBXProject section */

/* Begin PBXResourcesBuildPhase section */
		048BC25619F00276007563C8 /* Resources */ = {
			isa = PBXResourcesBuildPhase;
			buildActionMask = 2147483647;
			files = (
				048BC28D19F00C31007563C8 /* up.png in Resources */,
				048BC26719F00277007563C8 /* Main.storyboard in Resources */,
				048BC26C19F00277007563C8 /* LaunchScreen.xib in Resources */,
				048BC26919F00277007563C8 /* Images.xcassets in Resources */,
				048BC28C19F00C31007563C8 /* down.png in Resources */,
			);
			runOnlyForDeploymentPostprocessing = 0;
		};
		048BC26F19F00277007563C8 /* Resources */ = {
			isa = PBXResourcesBuildPhase;
			buildActionMask = 2147483647;
			files = (
			);
			runOnlyForDeploymentPostprocessing = 0;
		};
/* End PBXResourcesBuildPhase section */

/* Begin PBXSourcesBuildPhase section */
		048BC25419F00276007563C8 /* Sources */ = {
			isa = PBXSourcesBuildPhase;
			buildActionMask = 2147483647;
			files = (
				048BC28919F00962007563C8 /* UIView+RNActivityView.m in Sources */,
				048BC2B419F00CBA007563C8 /* SDWebImageManager.m in Sources */,
				048BC2AF19F00CBA007563C8 /* SDImageCache.m in Sources */,
				048BC2B319F00CBA007563C8 /* SDWebImageDownloaderOperation.m in Sources */,
				048BC26419F00276007563C8 /* ViewController.m in Sources */,
				048BC2B619F00CBA007563C8 /* UIButton+WebCache.m in Sources */,
				048BC2AE19F00CBA007563C8 /* NSData+ImageContentType.m in Sources */,
				048BC2B519F00CBA007563C8 /* SDWebImagePrefetcher.m in Sources */,
				048BC2B219F00CBA007563C8 /* SDWebImageDownloader.m in Sources */,
				048BC26119F00276007563C8 /* AppDelegate.m in Sources */,
				048BC2B919F00CBA007563C8 /* UIImage+WebP.m in Sources */,
				048BC2BB19F00CBA007563C8 /* UIImageView+WebCache.m in Sources */,
				048BC2B119F00CBA007563C8 /* SDWebImageDecoder.m in Sources */,
				048BC28819F00962007563C8 /* RNActivityView.m in Sources */,
				048BC2AD19F00CBA007563C8 /* MKAnnotationView+WebCache.m in Sources */,
				048BC2B019F00CBA007563C8 /* SDWebImageCompat.m in Sources */,
				048BC25E19F00276007563C8 /* main.m in Sources */,
				048BC28319F008C6007563C8 /* MainViewTableViewController.m in Sources */,
				048BC2B819F00CBA007563C8 /* UIImage+MultiFormat.m in Sources */,
				048BC2BA19F00CBA007563C8 /* UIImageView+HighlightedWebCache.m in Sources */,
				048BC2B719F00CBA007563C8 /* UIImage+GIF.m in Sources */,
			);
			runOnlyForDeploymentPostprocessing = 0;
		};
		048BC26D19F00277007563C8 /* Sources */ = {
			isa = PBXSourcesBuildPhase;
			buildActionMask = 2147483647;
			files = (
				048BC27819F00277007563C8 /* taskTests.m in Sources */,
			);
			runOnlyForDeploymentPostprocessing = 0;
		};
/* End PBXSourcesBuildPhase section */

/* Begin PBXTargetDependency section */
		048BC27319F00277007563C8 /* PBXTargetDependency */ = {
			isa = PBXTargetDependency;
			target = 048BC25719F00276007563C8 /* task */;
			targetProxy = 048BC27219F00277007563C8 /* PBXContainerItemProxy */;
		};
/* End PBXTargetDependency section */

/* Begin PBXVariantGroup section */
		048BC26519F00277007563C8 /* Main.storyboard */ = {
			isa = PBXVariantGroup;
			children = (
				048BC26619F00277007563C8 /* Base */,
			);
			name = Main.storyboard;
			sourceTree = "<group>";
		};
		048BC26A19F00277007563C8 /* LaunchScreen.xib */ = {
			isa = PBXVariantGroup;
			children = (
				048BC26B19F00277007563C8 /* Base */,
			);
			name = LaunchScreen.xib;
			sourceTree = "<group>";
		};
/* End PBXVariantGroup section */

/* Begin XCBuildConfiguration section */
		048BC27919F00277007563C8 /* Debug */ = {
			isa = XCBuildConfiguration;
			buildSettings = {
				ALWAYS_SEARCH_USER_PATHS = NO;
				CLANG_CXX_LANGUAGE_STANDARD = "gnu++0x";
				CLANG_CXX_LIBRARY = "libc++";
				CLANG_ENABLE_MODULES = YES;
				CLANG_ENABLE_OBJC_ARC = YES;
				CLANG_WARN_BOOL_CONVERSION = YES;
				CLANG_WARN_CONSTANT_CONVERSION = YES;
				CLANG_WARN_DIRECT_OBJC_ISA_USAGE = YES_ERROR;
				CLANG_WARN_EMPTY_BODY = YES;
				CLANG_WARN_ENUM_CONVERSION = YES;
				CLANG_WARN_INT_CONVERSION = YES;
				CLANG_WARN_OBJC_ROOT_CLASS = YES_ERROR;
				CLANG_WARN_UNREACHABLE_CODE = YES;
				CLANG_WARN__DUPLICATE_METHOD_MATCH = YES;
				"CODE_SIGN_IDENTITY[sdk=iphoneos*]" = "iPhone Developer";
				COPY_PHASE_STRIP = NO;
				ENABLE_STRICT_OBJC_MSGSEND = YES;
				GCC_C_LANGUAGE_STANDARD = gnu99;
				GCC_DYNAMIC_NO_PIC = NO;
				GCC_OPTIMIZATION_LEVEL = 0;
				GCC_PREPROCESSOR_DEFINITIONS = (
					"DEBUG=1",
					"$(inherited)",
				);
				GCC_SYMBOLS_PRIVATE_EXTERN = NO;
				GCC_WARN_64_TO_32_BIT_CONVERSION = YES;
				GCC_WARN_ABOUT_RETURN_TYPE = YES_ERROR;
				GCC_WARN_UNDECLARED_SELECTOR = YES;
				GCC_WARN_UNINITIALIZED_AUTOS = YES_AGGRESSIVE;
				GCC_WARN_UNUSED_FUNCTION = YES;
				GCC_WARN_UNUSED_VARIABLE = YES;
				IPHONEOS_DEPLOYMENT_TARGET = 7.0;
				MTL_ENABLE_DEBUG_INFO = YES;
				ONLY_ACTIVE_ARCH = YES;
				SDKROOT = iphoneos;
			};
			name = Debug;
		};
		048BC27A19F00277007563C8 /* Release */ = {
			isa = XCBuildConfiguration;
			buildSettings = {
				ALWAYS_SEARCH_USER_PATHS = NO;
				CLANG_CXX_LANGUAGE_STANDARD = "gnu++0x";
				CLANG_CXX_LIBRARY = "libc++";
				CLANG_ENABLE_MODULES = YES;
				CLANG_ENABLE_OBJC_ARC = YES;
				CLANG_WARN_BOOL_CONVERSION = YES;
				CLANG_WARN_CONSTANT_CONVERSION = YES;
				CLANG_WARN_DIRECT_OBJC_ISA_USAGE = YES_ERROR;
				CLANG_WARN_EMPTY_BODY = YES;
				CLANG_WARN_ENUM_CONVERSION = YES;
				CLANG_WARN_INT_CONVERSION = YES;
				CLANG_WARN_OBJC_ROOT_CLASS = YES_ERROR;
				CLANG_WARN_UNREACHABLE_CODE = YES;
				CLANG_WARN__DUPLICATE_METHOD_MATCH = YES;
				"CODE_SIGN_IDENTITY[sdk=iphoneos*]" = "iPhone Developer";
				COPY_PHASE_STRIP = YES;
				ENABLE_NS_ASSERTIONS = NO;
				ENABLE_STRICT_OBJC_MSGSEND = YES;
				GCC_C_LANGUAGE_STANDARD = gnu99;
				GCC_WARN_64_TO_32_BIT_CONVERSION = YES;
				GCC_WARN_ABOUT_RETURN_TYPE = YES_ERROR;
				GCC_WARN_UNDECLARED_SELECTOR = YES;
				GCC_WARN_UNINITIALIZED_AUTOS = YES_AGGRESSIVE;
				GCC_WARN_UNUSED_FUNCTION = YES;
				GCC_WARN_UNUSED_VARIABLE = YES;
				IPHONEOS_DEPLOYMENT_TARGET = 7.0;
				MTL_ENABLE_DEBUG_INFO = NO;
				SDKROOT = iphoneos;
				VALIDATE_PRODUCT = YES;
			};
			name = Release;
		};
		048BC27C19F00277007563C8 /* Debug */ = {
			isa = XCBuildConfiguration;
			buildSettings = {
				ASSETCATALOG_COMPILER_APPICON_NAME = AppIcon;
				INFOPLIST_FILE = task/Info.plist;
				IPHONEOS_DEPLOYMENT_TARGET = 7.0;
				LD_RUNPATH_SEARCH_PATHS = "$(inherited) @executable_path/Frameworks";
				PRODUCT_NAME = "$(TARGET_NAME)";
			};
			name = Debug;
		};
		048BC27D19F00277007563C8 /* Release */ = {
			isa = XCBuildConfiguration;
			buildSettings = {
				ASSETCATALOG_COMPILER_APPICON_NAME = AppIcon;
				INFOPLIST_FILE = task/Info.plist;
				IPHONEOS_DEPLOYMENT_TARGET = 7.0;
				LD_RUNPATH_SEARCH_PATHS = "$(inherited) @executable_path/Frameworks";
				PRODUCT_NAME = "$(TARGET_NAME)";
			};
			name = Release;
		};
		048BC27F19F00277007563C8 /* Debug */ = {
			isa = XCBuildConfiguration;
			buildSettings = {
				BUNDLE_LOADER = "$(TEST_HOST)";
				FRAMEWORK_SEARCH_PATHS = (
					"$(SDKROOT)/Developer/Library/Frameworks",
					"$(inherited)",
				);
				GCC_PREPROCESSOR_DEFINITIONS = (
					"DEBUG=1",
					"$(inherited)",
				);
				INFOPLIST_FILE = taskTests/Info.plist;
				LD_RUNPATH_SEARCH_PATHS = "$(inherited) @executable_path/Frameworks @loader_path/Frameworks";
				PRODUCT_NAME = "$(TARGET_NAME)";
				TEST_HOST = "$(BUILT_PRODUCTS_DIR)/task.app/task";
			};
			name = Debug;
		};
		048BC28019F00277007563C8 /* Release */ = {
			isa = XCBuildConfiguration;
			buildSettings = {
				BUNDLE_LOADER = "$(TEST_HOST)";
				FRAMEWORK_SEARCH_PATHS = (
					"$(SDKROOT)/Developer/Library/Frameworks",
					"$(inherited)",
				);
				INFOPLIST_FILE = taskTests/Info.plist;
				LD_RUNPATH_SEARCH_PATHS = "$(inherited) @executable_path/Frameworks @loader_path/Frameworks";
				PRODUCT_NAME = "$(TARGET_NAME)";
				TEST_HOST = "$(BUILT_PRODUCTS_DIR)/task.app/task";
			};
			name = Release;
		};
/* End XCBuildConfiguration section */

/* Begin XCConfigurationList section */
		048BC25319F00276007563C8 /* Build configuration list for PBXProject "task" */ = {
			isa = XCConfigurationList;
			buildConfigurations = (
				048BC27919F00277007563C8 /* Debug */,
				048BC27A19F00277007563C8 /* Release */,
			);
			defaultConfigurationIsVisible = 0;
			defaultConfigurationName = Release;
		};
		048BC27B19F00277007563C8 /* Build configuration list for PBXNativeTarget "task" */ = {
			isa = XCConfigurationList;
			buildConfigurations = (
				048BC27C19F00277007563C8 /* Debug */,
				048BC27D19F00277007563C8 /* Release */,
			);
			defaultConfigurationIsVisible = 0;
		};
		048BC27E19F00277007563C8 /* Build configuration list for PBXNativeTarget "taskTests" */ = {
			isa = XCConfigurationList;
			buildConfigurations = (
				048BC27F19F00277007563C8 /* Debug */,
				048BC28019F00277007563C8 /* Release */,
			);
			defaultConfigurationIsVisible = 0;
		};
/* End XCConfigurationList section */
	};
	rootObject = 048BC25019F00276007563C8 /* Project object */;
}
